
Microsoft Visual Studio Solution File, Format Version 12.00
# Visual Studio Version 17
VisualStudioVersion = 17.5.33414.496
MinimumVisualStudioVersion = 10.0.40219.1
Project("{FAE04EC0-301F-11D3-BF4B-00C04F79EFBC}") = "task3", "task3\task3.csproj", "{9BB5F08D-80F6-45CB-A2EF-42E6387D0445}"
EndProject
Global
	GlobalSection(SolutionConfigurationPlatforms) = preSolution
		Debug|Any CPU = Debug|Any CPU
		Release|Any CPU = Release|Any CPU
	EndGlobalSection
	GlobalSection(ProjectConfigurationPlatforms) = postSolution
		{9BB5F08D-80F6-45CB-A2EF-42E6387D0445}.Debug|Any CPU.ActiveCfg = Debug|Any CPU
		{9BB5F08D-80F6-45CB-A2EF-42E6387D0445}.Debug|Any CPU.Build.0 = Debug|Any CPU
		{9BB5F08D-80F6-45CB-A2EF-42E6387D0445}.Release|Any CPU.ActiveCfg = Release|Any CPU
		{9BB5F08D-80F6-45CB-A2EF-42E6387D0445}.Release|Any CPU.Build.0 = Release|Any CPU
	EndGlobalSection
	GlobalSection(SolutionProperties) = preSolution
		HideSolutionNode = FALSE
	EndGlobalSection
	GlobalSection(ExtensibilityGlobals) = postSolution
		SolutionGuid = {57D1E0DE-1986-466F-B63D-7C51A94497BF}
	EndGlobalSection
EndGlobal
